
Microsoft Visual Studio Solution File, Format Version 12.00
# Visual Studio 14
VisualStudioVersion = 14.0.25420.1
MinimumVisualStudioVersion = 10.0.40219.1
Project("{FAE04EC0-301F-11D3-BF4B-00C04F79EFBC}") = "Mon.NetClient", "Mon.NetClient\Mon.NetClient.csproj", "{36DE64C7-F6BF-4435-98C3-7533A3FC9B53}"
EndProject
Project("{FAE04EC0-301F-11D3-BF4B-00C04F79EFBC}") = "Mon.NetServer", "Mon.NetServer\Mon.NetServer.csproj", "{A429467C-4562-4781-947C-870287B3A91F}"
EndProject
Project("{FAE04EC0-301F-11D3-BF4B-00C04F79EFBC}") = "MonCore", "MonCore\MonCore.csproj", "{6D5A4D60-7444-494B-8E7C-5AA10E221C78}"
EndProject
Global
	GlobalSection(SolutionConfigurationPlatforms) = preSolution
		Debug|Any CPU = Debug|Any CPU
		Release|Any CPU = Release|Any CPU
	EndGlobalSection
	GlobalSection(ProjectConfigurationPlatforms) = postSolution
		{36DE64C7-F6BF-4435-98C3-7533A3FC9B53}.Debug|Any CPU.ActiveCfg = Debug|Any CPU
		{36DE64C7-F6BF-4435-98C3-7533A3FC9B53}.Debug|Any CPU.Build.0 = Debug|Any CPU
		{36DE64C7-F6BF-4435-98C3-7533A3FC9B53}.Release|Any CPU.ActiveCfg = Release|Any CPU
		{36DE64C7-F6BF-4435-98C3-7533A3FC9B53}.Release|Any CPU.Build.0 = Release|Any CPU
		{A429467C-4562-4781-947C-870287B3A91F}.Debug|Any CPU.ActiveCfg = Debug|Any CPU
		{A429467C-4562-4781-947C-870287B3A91F}.Debug|Any CPU.Build.0 = Debug|Any CPU
		{A429467C-4562-4781-947C-870287B3A91F}.Release|Any CPU.ActiveCfg = Release|Any CPU
		{A429467C-4562-4781-947C-870287B3A91F}.Release|Any CPU.Build.0 = Release|Any CPU
		{6D5A4D60-7444-494B-8E7C-5AA10E221C78}.Debug|Any CPU.ActiveCfg = Debug|Any CPU
		{6D5A4D60-7444-494B-8E7C-5AA10E221C78}.Debug|Any CPU.Build.0 = Debug|Any CPU
		{6D5A4D60-7444-494B-8E7C-5AA10E221C78}.Release|Any CPU.ActiveCfg = Release|Any CPU
		{6D5A4D60-7444-494B-8E7C-5AA10E221C78}.Release|Any CPU.Build.0 = Release|Any CPU
	EndGlobalSection
	GlobalSection(SolutionProperties) = preSolution
		HideSolutionNode = FALSE
	EndGlobalSection
	GlobalSection(ExtensibilityGlobals) = postSolution
		SolutionGuid = {4645FC7C-6879-4DDD-A03E-1B502A9F53F3}
	EndGlobalSection
EndGlobal
